
Microsoft Visual Studio Solution File, Format Version 12.00
# Visual Studio Version 16
VisualStudioVersion = 16.0.30225.117
MinimumVisualStudioVersion = 10.0.40219.1
Project("{FAE04EC0-301F-11D3-BF4B-00C04F79EFBC}") = "Drowing", "Drowing\Drowing.csproj", "{FAA4C1AA-12F9-40BA-956D-3C80332F86D4}"
EndProject
Global
	GlobalSection(SolutionConfigurationPlatforms) = preSolution
		Debug|Any CPU = Debug|Any CPU
		Release|Any CPU = Release|Any CPU
	EndGlobalSection
	GlobalSection(ProjectConfigurationPlatforms) = postSolution
		{FAA4C1AA-12F9-40BA-956D-3C80332F86D4}.Debug|Any CPU.ActiveCfg = Debug|Any CPU
		{FAA4C1AA-12F9-40BA-956D-3C80332F86D4}.Debug|Any CPU.Build.0 = Debug|Any CPU
		{FAA4C1AA-12F9-40BA-956D-3C80332F86D4}.Release|Any CPU.ActiveCfg = Release|Any CPU
		{FAA4C1AA-12F9-40BA-956D-3C80332F86D4}.Release|Any CPU.Build.0 = Release|Any CPU
	EndGlobalSection
	GlobalSection(SolutionProperties) = preSolution
		HideSolutionNode = FALSE
	EndGlobalSection
	GlobalSection(ExtensibilityGlobals) = postSolution
		SolutionGuid = {4F41E7B2-8482-4B4D-B1CD-3D38BDE094B4}
	EndGlobalSection
EndGlobal
